<?xml version="1.0" encoding="utf-8"?>
<Project ToolsVersion="4.0" xmlns="http://schemas.microsoft.com/developer/msbuild/2003">
  <ItemGroup>
    <Filter Include="Source Files">
      <UniqueIdentifier>{4FC737F1-C7A5-4376-A066-2A32D752A2FF}</UniqueIdentifier>
      <Extensions>cpp;c;cc;cxx;def;odl;idl;hpj;bat;asm;asmx</Extensions>
    </Filter>
    <Filter Include="Header Files">
      <UniqueIdentifier>{93995380-89BD-4b04-88EB-625FBE52EBFB}</UniqueIdentifier>
      <Extensions>h;hh;hpp;hxx;hm;inl;inc;xsd</Extensions>
    </Filter>
    <Filter Include="Header Files\Primitives">
      <UniqueIdentifier>{197b9929-0a2c-43fe-bbc9-cf5fb672835f}</UniqueIdentifier>
    </Filter>
    <Filter Include="Source Files\Primitives">
      <UniqueIdentifier>{9c7269d1-7659-43eb-ac85-e6109755ff69}</UniqueIdentifier>
    </Filter>
    <Filter Include="Header Files\Graphics">
      <UniqueIdentifier>{431301e4-d825-44f3-9b9e-0f319854bbb0}</UniqueIdentifier>
    </Filter>
    <Filter Include="Source Files\Graphics">
      <UniqueIdentifier>{e8564fb3-1bfd-4e49-8145-f762f1cf5fca}</UniqueIdentifier>
    </Filter>
    <Filter Include="Header Files\Trajectories">
      <UniqueIdentifier>{534f9cbd-e93d-4e3a-9d76-0d801cf2c682}</UniqueIdentifier>
    </Filter>
    <Filter Include="Source Files\Trajectories">
      <UniqueIdentifier>{4ab16aa8-6749-4ffb-ae06-33099523f408}</UniqueIdentifier>
    </Filter>
    <Filter Include="Header Files\Utils">
      <UniqueIdentifier>{9275403c-c808-44e4-9654-4e015fb36610}</UniqueIdentifier>
    </Filter>
  </ItemGroup>
  <ItemGroup>
    <ClCompile Include="program.cpp">
      <Filter>Source Files</Filter>
    </ClCompile>
    <ClCompile Include="Color.cpp">
      <Filter>Source Files\Graphics</Filter>
    </ClCompile>
    <ClCompile Include="Segment.cpp">
      <Filter>Source Files\Primitives</Filter>
    </ClCompile>
    <ClCompile Include="Point.cpp">
      <Filter>Source Files\Primitives</Filter>
    </ClCompile>
    <ClCompile Include="Circle.cpp">
      <Filter>Source Files\Primitives</Filter>
    </ClCompile>
    <ClCompile Include="Figure.cpp">
      <Filter>Source Files\Primitives</Filter>
    </ClCompile>
    <ClCompile Include="WinApiGraphics.cpp">
      <Filter>Source Files\Graphics</Filter>
    </ClCompile>
    <ClCompile Include="LineTrajectory.cpp">
      <Filter>Source Files\Trajectories</Filter>
    </ClCompile>
    <ClCompile Include="CarAnimation.cpp">
      <Filter>Source Files</Filter>
    </ClCompile>
    <ClCompile Include="FigureAnimation.cpp">
      <Filter>Source Files</Filter>
    </ClCompile>
  </ItemGroup>
  <ItemGroup>
    <ClInclude Include="Color.h">
      <Filter>Header Files\Graphics</Filter>
    </ClInclude>
    <ClInclude Include="GraphicEngine.h">
      <Filter>Header Files\Graphics</Filter>
    </ClInclude>
    <ClInclude Include="Circle.h">
      <Filter>Header Files\Primitives</Filter>
    </ClInclude>
    <ClInclude Include="Drawable.h">
      <Filter>Header Files\Primitives</Filter>
    </ClInclude>
    <ClInclude Include="Point.h">
      <Filter>Header Files\Primitives</Filter>
    </ClInclude>
    <ClInclude Include="Segment.h">
      <Filter>Header Files\Primitives</Filter>
    </ClInclude>
    <ClInclude Include="Figure.h">
      <Filter>Header Files\Primitives</Filter>
    </ClInclude>
    <ClInclude Include="WinApiGraphics.h">
      <Filter>Header Files\Graphics</Filter>
    </ClInclude>
    <ClInclude Include="Trajectory.h">
      <Filter>Header Files\Trajectories</Filter>
    </ClInclude>
    <ClInclude Include="Vector2D.h">
      <Filter>Header Files\Utils</Filter>
    </ClInclude>
    <ClInclude Include="LineTrajectory.h">
      <Filter>Header Files\Trajectories</Filter>
    </ClInclude>
    <ClInclude Include="FigureAnimation.h">
      <Filter>Header Files</Filter>
    </ClInclude>
    <ClInclude Include="CarAnimation.h">
      <Filter>Header Files</Filter>
    </ClInclude>
  </ItemGroup>
</Project>